
Microsoft Visual Studio Solution File, Format Version 12.00
# Visual Studio Version 16
VisualStudioVersion = 16.0.29519.87
MinimumVisualStudioVersion = 10.0.40219.1
Project("{FAE04EC0-301F-11D3-BF4B-00C04F79EFBC}") = "PasswordStrengthCalcAndPwnedProject", "PasswordStrengthCalcAndPwnedProject.csproj", "{93998E1E-A482-49A0-9B54-8623E945B938}"
EndProject
Project("{FAE04EC0-301F-11D3-BF4B-00C04F79EFBC}") = "PasswordStrengthCalcAndPwnedConsoleApp", "..\PasswordStrengthCalcAndPwnedConsoleApp\PasswordStrengthCalcAndPwnedConsoleApp.csproj", "{83332A4D-0AAF-4E32-B86E-7438C718F039}"
EndProject
Project("{FAE04EC0-301F-11D3-BF4B-00C04F79EFBC}") = "PasswordStrengthCalcAndPwnedTestProject", "..\PasswordStrengthCalcAndPwnedTestProject\PasswordStrengthCalcAndPwnedTestProject.csproj", "{13EA3361-9F7B-461C-B0AE-4268B4C77124}"
EndProject
Global
	GlobalSection(SolutionConfigurationPlatforms) = preSolution
		Debug|Any CPU = Debug|Any CPU
		Release|Any CPU = Release|Any CPU
	EndGlobalSection
	GlobalSection(ProjectConfigurationPlatforms) = postSolution
		{93998E1E-A482-49A0-9B54-8623E945B938}.Debug|Any CPU.ActiveCfg = Debug|Any CPU
		{93998E1E-A482-49A0-9B54-8623E945B938}.Debug|Any CPU.Build.0 = Debug|Any CPU
		{93998E1E-A482-49A0-9B54-8623E945B938}.Release|Any CPU.ActiveCfg = Release|Any CPU
		{93998E1E-A482-49A0-9B54-8623E945B938}.Release|Any CPU.Build.0 = Release|Any CPU
		{83332A4D-0AAF-4E32-B86E-7438C718F039}.Debug|Any CPU.ActiveCfg = Debug|Any CPU
		{83332A4D-0AAF-4E32-B86E-7438C718F039}.Debug|Any CPU.Build.0 = Debug|Any CPU
		{83332A4D-0AAF-4E32-B86E-7438C718F039}.Release|Any CPU.ActiveCfg = Release|Any CPU
		{83332A4D-0AAF-4E32-B86E-7438C718F039}.Release|Any CPU.Build.0 = Release|Any CPU
		{13EA3361-9F7B-461C-B0AE-4268B4C77124}.Debug|Any CPU.ActiveCfg = Debug|Any CPU
		{13EA3361-9F7B-461C-B0AE-4268B4C77124}.Debug|Any CPU.Build.0 = Debug|Any CPU
		{13EA3361-9F7B-461C-B0AE-4268B4C77124}.Release|Any CPU.ActiveCfg = Release|Any CPU
		{13EA3361-9F7B-461C-B0AE-4268B4C77124}.Release|Any CPU.Build.0 = Release|Any CPU
	EndGlobalSection
	GlobalSection(SolutionProperties) = preSolution
		HideSolutionNode = FALSE
	EndGlobalSection
	GlobalSection(ExtensibilityGlobals) = postSolution
		SolutionGuid = {AADEF24A-6DB7-4AF5-B4F9-11FB3572E15B}
	EndGlobalSection
EndGlobal
